<Solution>
  <Project Path="Generics/Generics.csproj" />
  <Project Path="Delegates/Delegates.csproj" />
  <Project Path="StringBuilder/StringBuilder.csproj" />
  <Project Path="AsyncAwait/AsyncAwait.csproj" />
  <Project Path="EntityFramework/EntityFramework.csproj" />
  <project Path="UnitTesting/UnitTesting.csproj" />
</Solution>
